// !$*UTF8*$!
{
	archiveVersion = 1;
	classes = {
	};
	objectVersion = 46;
	objects = {

/* Begin PBXBuildFile section */
		DE275F051A5AC8D20023B73D /* AppDelegate.swift in Sources */ = {isa = PBXBuildFile; fileRef = DE275F041A5AC8D20023B73D /* AppDelegate.swift */; };
		DE275F071A5AC8D20023B73D /* ViewController.swift in Sources */ = {isa = PBXBuildFile; fileRef = DE275F061A5AC8D20023B73D /* ViewController.swift */; };
		DE275F0A1A5AC8D20023B73D /* Main.storyboard in Resources */ = {isa = PBXBuildFile; fileRef = DE275F081A5AC8D20023B73D /* Main.storyboard */; };
		DE275F0C1A5AC8D20023B73D /* Images.xcassets in Resources */ = {isa = PBXBuildFile; fileRef = DE275F0B1A5AC8D20023B73D /* Images.xcassets */; };
		DE275F0F1A5AC8D20023B73D /* LaunchScreen.xib in Resources */ = {isa = PBXBuildFile; fileRef = DE275F0D1A5AC8D20023B73D /* LaunchScreen.xib */; };
		DE275F1B1A5AC8D20023B73D /* calTests.swift in Sources */ = {isa = PBXBuildFile; fileRef = DE275F1A1A5AC8D20023B73D /* calTests.swift */; };
/* End PBXBuildFile section */

/* Begin PBXContainerItemProxy section */
		DE275F151A5AC8D20023B73D /* PBXContainerItemProxy */ = {
			isa = PBXContainerItemProxy;
			containerPortal = DE275EF71A5AC8D20023B73D /* Project object */;
			proxyType = 1;
			remoteGlobalIDString = DE275EFE1A5AC8D20023B73D;
			remoteInfo = cal;
		};
/* End PBXContainerItemProxy section */

/* Begin PBXFileReference section */
		DE275EFF1A5AC8D20023B73D /* cal.app */ = {isa = PBXFileReference; explicitFileType = wrapper.application; includeInIndex = 0; path = cal.app; sourceTree = BUILT_PRODUCTS_DIR; };
		DE275F031A5AC8D20023B73D /* Info.plist */ = {isa = PBXFileReference; lastKnownFileType = text.plist.xml; path = Info.plist; sourceTree = "<group>"; };
		DE275F041A5AC8D20023B73D /* AppDelegate.swift */ = {isa = PBXFileReference; lastKnownFileType = sourcecode.swift; path = AppDelegate.swift; sourceTree = "<group>"; };
		DE275F061A5AC8D20023B73D /* ViewController.swift */ = {isa = PBXFileReference; lastKnownFileType = sourcecode.swift; path = ViewController.swift; sourceTree = "<group>"; };
		DE275F091A5AC8D20023B73D /* Base */ = {isa = PBXFileReference; lastKnownFileType = file.storyboard; name = Base; path = Base.lproj/Main.storyboard; sourceTree = "<group>"; };
		DE275F0B1A5AC8D20023B73D /* Images.xcassets */ = {isa = PBXFileReference; lastKnownFileType = folder.assetcatalog; path = Images.xcassets; sourceTree = "<group>"; };
		DE275F0E1A5AC8D20023B73D /* Base */ = {isa = PBXFileReference; lastKnownFileType = file.xib; name = Base; path = Base.lproj/LaunchScreen.xib; sourceTree = "<group>"; };
		DE275F141A5AC8D20023B73D /* calTests.xctest */ = {isa = PBXFileReference; explicitFileType = wrapper.cfbundle; includeInIndex = 0; path = calTests.xctest; sourceTree = BUILT_PRODUCTS_DIR; };
		DE275F191A5AC8D20023B73D /* Info.plist */ = {isa = PBXFileReference; lastKnownFileType = text.plist.xml; path = Info.plist; sourceTree = "<group>"; };
		DE275F1A1A5AC8D20023B73D /* calTests.swift */ = {isa = PBXFileReference; lastKnownFileType = sourcecode.swift; path = calTests.swift; sourceTree = "<group>"; };
/* End PBXFileReference section */

/* Begin PBXFrameworksBuildPhase section */
		DE275EFC1A5AC8D20023B73D /* Frameworks */ = {
			isa = PBXFrameworksBuildPhase;
			buildActionMask = 2147483647;
			files = (
			);
			runOnlyForDeploymentPostprocessing = 0;
		};
		DE275F111A5AC8D20023B73D /* Frameworks */ = {
			isa = PBXFrameworksBuildPhase;
			buildActionMask = 2147483647;
			files = (
			);
			runOnlyForDeploymentPostprocessing = 0;
		};
/* End PBXFrameworksBuildPhase section */

/* Begin PBXGroup section */
		DE275EF61A5AC8D20023B73D = {
			isa = PBXGroup;
			children = (
				DE275F011A5AC8D20023B73D /* cal */,
				DE275F171A5AC8D20023B73D /* calTests */,
				DE275F001A5AC8D20023B73D /* Products */,
			);
			sourceTree = "<group>";
		};
		DE275F001A5AC8D20023B73D /* Products */ = {
			isa = PBXGroup;
			children = (
				DE275EFF1A5AC8D20023B73D /* cal.app */,
				DE275F141A5AC8D20023B73D /* calTests.xctest */,
			);
			name = Products;
			sourceTree = "<group>";
		};
		DE275F011A5AC8D20023B73D /* cal */ = {
			isa = PBXGroup;
			children = (
				DE275F041A5AC8D20023B73D /* AppDelegate.swift */,
				DE275F061A5AC8D20023B73D /* ViewController.swift */,
				DE275F081A5AC8D20023B73D /* Main.storyboard */,
				DE275F0B1A5AC8D20023B73D /* Images.xcassets */,
				DE275F0D1A5AC8D20023B73D /* LaunchScreen.xib */,
				DE275F021A5AC8D20023B73D /* Supporting Files */,
			);
			path = cal;
			sourceTree = "<group>";
		};
		DE275F021A5AC8D20023B73D /* Supporting Files */ = {
			isa = PBXGroup;
			children = (
				DE275F031A5AC8D20023B73D /* Info.plist */,
			);
			name = "Supporting Files";
			sourceTree = "<group>";
		};
		DE275F171A5AC8D20023B73D /* calTests */ = {
			isa = PBXGroup;
			children = (
				DE275F1A1A5AC8D20023B73D /* calTests.swift */,
				DE275F181A5AC8D20023B73D /* Supporting Files */,
			);
			path = calTests;
			sourceTree = "<group>";
		};
		DE275F181A5AC8D20023B73D /* Supporting Files */ = {
			isa = PBXGroup;
			children = (
				DE275F191A5AC8D20023B73D /* Info.plist */,
			);
			name = "Supporting Files";
			sourceTree = "<group>";
		};
/* End PBXGroup section */

/* Begin PBXNativeTarget section */
		DE275EFE1A5AC8D20023B73D /* cal */ = {
			isa = PBXNativeTarget;
			buildConfigurationList = DE275F1E1A5AC8D20023B73D /* Build configuration list for PBXNativeTarget "cal" */;
			buildPhases = (
				DE275EFB1A5AC8D20023B73D /* Sources */,
				DE275EFC1A5AC8D20023B73D /* Frameworks */,
				DE275EFD1A5AC8D20023B73D /* Resources */,
			);
			buildRules = (
			);
			dependencies = (
			);
			name = cal;
			productName = cal;
			productReference = DE275EFF1A5AC8D20023B73D /* cal.app */;
			productType = "com.apple.product-type.application";
		};
		DE275F131A5AC8D20023B73D /* calTests */ = {
			isa = PBXNativeTarget;
			buildConfigurationList = DE275F211A5AC8D20023B73D /* Build configuration list for PBXNativeTarget "calTests" */;
			buildPhases = (
				DE275F101A5AC8D20023B73D /* Sources */,
				DE275F111A5AC8D20023B73D /* Frameworks */,
				DE275F121A5AC8D20023B73D /* Resources */,
			);
			buildRules = (
			);
			dependencies = (
				DE275F161A5AC8D20023B73D /* PBXTargetDependency */,
			);
			name = calTests;
			productName = calTests;
			productReference = DE275F141A5AC8D20023B73D /* calTests.xctest */;
			productType = "com.apple.product-type.bundle.unit-test";
		};
/* End PBXNativeTarget section */

/* Begin PBXProject section */
		DE275EF71A5AC8D20023B73D /* Project object */ = {
			isa = PBXProject;
			attributes = {
				LastUpgradeCheck = 0610;
				ORGANIZATIONNAME = "冬";
				TargetAttributes = {
					DE275EFE1A5AC8D20023B73D = {
						CreatedOnToolsVersion = 6.1.1;
					};
					DE275F131A5AC8D20023B73D = {
						CreatedOnToolsVersion = 6.1.1;
						TestTargetID = DE275EFE1A5AC8D20023B73D;
					};
				};
			};
			buildConfigurationList = DE275EFA1A5AC8D20023B73D /* Build configuration list for PBXProject "cal" */;
			compatibilityVersion = "Xcode 3.2";
			developmentRegion = English;
			hasScannedForEncodings = 0;
			knownRegions = (
				en,
				Base,
			);
			mainGroup = DE275EF61A5AC8D20023B73D;
			productRefGroup = DE275F001A5AC8D20023B73D /* Products */;
			projectDirPath = "";
			projectRoot = "";
			targets = (
				DE275EFE1A5AC8D20023B73D /* cal */,
				DE275F131A5AC8D20023B73D /* calTests */,
			);
		};
/* End PBXProject section */

/* Begin PBXResourcesBuildPhase section */
		DE275EFD1A5AC8D20023B73D /* Resources */ = {
			isa = PBXResourcesBuildPhase;
			buildActionMask = 2147483647;
			files = (
				DE275F0A1A5AC8D20023B73D /* Main.storyboard in Resources */,
				DE275F0F1A5AC8D20023B73D /* LaunchScreen.xib in Resources */,
				DE275F0C1A5AC8D20023B73D /* Images.xcassets in Resources */,
			);
			runOnlyForDeploymentPostprocessing = 0;
		};
		DE275F121A5AC8D20023B73D /* Resources */ = {
			isa = PBXResourcesBuildPhase;
			buildActionMask = 2147483647;
			files = (
			);
			runOnlyForDeploymentPostprocessing = 0;
		};
/* End PBXResourcesBuildPhase section */

/* Begin PBXSourcesBuildPhase section */
		DE275EFB1A5AC8D20023B73D /* Sources */ = {
			isa = PBXSourcesBuildPhase;
			buildActionMask = 2147483647;
			files = (
				DE275F071A5AC8D20023B73D /* ViewController.swift in Sources */,
				DE275F051A5AC8D20023B73D /* AppDelegate.swift in Sources */,
			);
			runOnlyForDeploymentPostprocessing = 0;
		};
		DE275F101A5AC8D20023B73D /* Sources */ = {
			isa = PBXSourcesBuildPhase;
			buildActionMask = 2147483647;
			files = (
				DE275F1B1A5AC8D20023B73D /* calTests.swift in Sources */,
			);
			runOnlyForDeploymentPostprocessing = 0;
		};
/* End PBXSourcesBuildPhase section */

/* Begin PBXTargetDependency section */
		DE275F161A5AC8D20023B73D /* PBXTargetDependency */ = {
			isa = PBXTargetDependency;
			target = DE275EFE1A5AC8D20023B73D /* cal */;
			targetProxy = DE275F151A5AC8D20023B73D /* PBXContainerItemProxy */;
		};
/* End PBXTargetDependency section */

/* Begin PBXVariantGroup section */
		DE275F081A5AC8D20023B73D /* Main.storyboard */ = {
			isa = PBXVariantGroup;
			children = (
				DE275F091A5AC8D20023B73D /* Base */,
			);
			name = Main.storyboard;
			sourceTree = "<group>";
		};
		DE275F0D1A5AC8D20023B73D /* LaunchScreen.xib */ = {
			isa = PBXVariantGroup;
			children = (
				DE275F0E1A5AC8D20023B73D /* Base */,
			);
			name = LaunchScreen.xib;
			sourceTree = "<group>";
		};
/* End PBXVariantGroup section */

/* Begin XCBuildConfiguration section */
		DE275F1C1A5AC8D20023B73D /* Debug */ = {
			isa = XCBuildConfiguration;
			buildSettings = {
				ALWAYS_SEARCH_USER_PATHS = NO;
				CLANG_CXX_LANGUAGE_STANDARD = "gnu++0x";
				CLANG_CXX_LIBRARY = "libc++";
				CLANG_ENABLE_MODULES = YES;
				CLANG_ENABLE_OBJC_ARC = YES;
				CLANG_WARN_BOOL_CONVERSION = YES;
				CLANG_WARN_CONSTANT_CONVERSION = YES;
				CLANG_WARN_DIRECT_OBJC_ISA_USAGE = YES_ERROR;
				CLANG_WARN_EMPTY_BODY = YES;
				CLANG_WARN_ENUM_CONVERSION = YES;
				CLANG_WARN_INT_CONVERSION = YES;
				CLANG_WARN_OBJC_ROOT_CLASS = YES_ERROR;
				CLANG_WARN_UNREACHABLE_CODE = YES;
				CLANG_WARN__DUPLICATE_METHOD_MATCH = YES;
				"CODE_SIGN_IDENTITY[sdk=iphoneos*]" = "iPhone Developer";
				COPY_PHASE_STRIP = NO;
				ENABLE_STRICT_OBJC_MSGSEND = YES;
				GCC_C_LANGUAGE_STANDARD = gnu99;
				GCC_DYNAMIC_NO_PIC = NO;
				GCC_OPTIMIZATION_LEVEL = 0;
				GCC_PREPROCESSOR_DEFINITIONS = (
					"DEBUG=1",
					"$(inherited)",
				);
				GCC_SYMBOLS_PRIVATE_EXTERN = NO;
				GCC_WARN_64_TO_32_BIT_CONVERSION = YES;
				GCC_WARN_ABOUT_RETURN_TYPE = YES_ERROR;
				GCC_WARN_UNDECLARED_SELECTOR = YES;
				GCC_WARN_UNINITIALIZED_AUTOS = YES_AGGRESSIVE;
				GCC_WARN_UNUSED_FUNCTION = YES;
				GCC_WARN_UNUSED_VARIABLE = YES;
				IPHONEOS_DEPLOYMENT_TARGET = 8.1;
				MTL_ENABLE_DEBUG_INFO = YES;
				ONLY_ACTIVE_ARCH = YES;
				SDKROOT = iphoneos;
				SWIFT_OPTIMIZATION_LEVEL = "-Onone";
			};
			name = Debug;
		};
		DE275F1D1A5AC8D20023B73D /* Release */ = {
			isa = XCBuildConfiguration;
			buildSettings = {
				ALWAYS_SEARCH_USER_PATHS = NO;
				CLANG_CXX_LANGUAGE_STANDARD = "gnu++0x";
				CLANG_CXX_LIBRARY = "libc++";
				CLANG_ENABLE_MODULES = YES;
				CLANG_ENABLE_OBJC_ARC = YES;
				CLANG_WARN_BOOL_CONVERSION = YES;
				CLANG_WARN_CONSTANT_CONVERSION = YES;
				CLANG_WARN_DIRECT_OBJC_ISA_USAGE = YES_ERROR;
				CLANG_WARN_EMPTY_BODY = YES;
				CLANG_WARN_ENUM_CONVERSION = YES;
				CLANG_WARN_INT_CONVERSION = YES;
				CLANG_WARN_OBJC_ROOT_CLASS = YES_ERROR;
				CLANG_WARN_UNREACHABLE_CODE = YES;
				CLANG_WARN__DUPLICATE_METHOD_MATCH = YES;
				"CODE_SIGN_IDENTITY[sdk=iphoneos*]" = "iPhone Developer";
				COPY_PHASE_STRIP = YES;
				ENABLE_NS_ASSERTIONS = NO;
				ENABLE_STRICT_OBJC_MSGSEND = YES;
				GCC_C_LANGUAGE_STANDARD = gnu99;
				GCC_WARN_64_TO_32_BIT_CONVERSION = YES;
				GCC_WARN_ABOUT_RETURN_TYPE = YES_ERROR;
				GCC_WARN_UNDECLARED_SELECTOR = YES;
				GCC_WARN_UNINITIALIZED_AUTOS = YES_AGGRESSIVE;
				GCC_WARN_UNUSED_FUNCTION = YES;
				GCC_WARN_UNUSED_VARIABLE = YES;
				IPHONEOS_DEPLOYMENT_TARGET = 8.1;
				MTL_ENABLE_DEBUG_INFO = NO;
				SDKROOT = iphoneos;
				VALIDATE_PRODUCT = YES;
			};
			name = Release;
		};
		DE275F1F1A5AC8D20023B73D /* Debug */ = {
			isa = XCBuildConfiguration;
			buildSettings = {
				ASSETCATALOG_COMPILER_APPICON_NAME = AppIcon;
				INFOPLIST_FILE = cal/Info.plist;
				LD_RUNPATH_SEARCH_PATHS = "$(inherited) @executable_path/Frameworks";
				PRODUCT_NAME = "$(TARGET_NAME)";
			};
			name = Debug;
		};
		DE275F201A5AC8D20023B73D /* Release */ = {
			isa = XCBuildConfiguration;
			buildSettings = {
				ASSETCATALOG_COMPILER_APPICON_NAME = AppIcon;
				INFOPLIST_FILE = cal/Info.plist;
				LD_RUNPATH_SEARCH_PATHS = "$(inherited) @executable_path/Frameworks";
				PRODUCT_NAME = "$(TARGET_NAME)";
			};
			name = Release;
		};
		DE275F221A5AC8D20023B73D /* Debug */ = {
			isa = XCBuildConfiguration;
			buildSettings = {
				BUNDLE_LOADER = "$(TEST_HOST)";
				FRAMEWORK_SEARCH_PATHS = (
					"$(SDKROOT)/Developer/Library/Frameworks",
					"$(inherited)",
				);
				GCC_PREPROCESSOR_DEFINITIONS = (
					"DEBUG=1",
					"$(inherited)",
				);
				INFOPLIST_FILE = calTests/Info.plist;
				LD_RUNPATH_SEARCH_PATHS = "$(inherited) @executable_path/Frameworks @loader_path/Frameworks";
				PRODUCT_NAME = "$(TARGET_NAME)";
				TEST_HOST = "$(BUILT_PRODUCTS_DIR)/cal.app/cal";
			};
			name = Debug;
		};
		DE275F231A5AC8D20023B73D /* Release */ = {
			isa = XCBuildConfiguration;
			buildSettings = {
				BUNDLE_LOADER = "$(TEST_HOST)";
				FRAMEWORK_SEARCH_PATHS = (
					"$(SDKROOT)/Developer/Library/Frameworks",
					"$(inherited)",
				);
				INFOPLIST_FILE = calTests/Info.plist;
				LD_RUNPATH_SEARCH_PATHS = "$(inherited) @executable_path/Frameworks @loader_path/Frameworks";
				PRODUCT_NAME = "$(TARGET_NAME)";
				TEST_HOST = "$(BUILT_PRODUCTS_DIR)/cal.app/cal";
			};
			name = Release;
		};
/* End XCBuildConfiguration section */

/* Begin XCConfigurationList section */
		DE275EFA1A5AC8D20023B73D /* Build configuration list for PBXProject "cal" */ = {
			isa = XCConfigurationList;
			buildConfigurations = (
				DE275F1C1A5AC8D20023B73D /* Debug */,
				DE275F1D1A5AC8D20023B73D /* Release */,
			);
			defaultConfigurationIsVisible = 0;
			defaultConfigurationName = Release;
		};
		DE275F1E1A5AC8D20023B73D /* Build configuration list for PBXNativeTarget "cal" */ = {
			isa = XCConfigurationList;
			buildConfigurations = (
				DE275F1F1A5AC8D20023B73D /* Debug */,
				DE275F201A5AC8D20023B73D /* Release */,
			);
			defaultConfigurationIsVisible = 0;
		};
		DE275F211A5AC8D20023B73D /* Build configuration list for PBXNativeTarget "calTests" */ = {
			isa = XCConfigurationList;
			buildConfigurations = (
				DE275F221A5AC8D20023B73D /* Debug */,
				DE275F231A5AC8D20023B73D /* Release */,
			);
			defaultConfigurationIsVisible = 0;
		};
/* End XCConfigurationList section */
	};
	rootObject = DE275EF71A5AC8D20023B73D /* Project object */;
}
